
Microsoft Visual Studio Solution File, Format Version 12.00
# Visual Studio 2012
Project("{FAE04EC0-301F-11D3-BF4B-00C04F79EFBC}") = "HackerrankTest2", "HackerrankTest2\HackerrankTest2.csproj", "{EB85C3D1-19D6-404C-ADD4-4F608897D9EB}"
EndProject
Global
	GlobalSection(SolutionConfigurationPlatforms) = preSolution
		Debug|Any CPU = Debug|Any CPU
		Release|Any CPU = Release|Any CPU
	EndGlobalSection
	GlobalSection(ProjectConfigurationPlatforms) = postSolution
		{EB85C3D1-19D6-404C-ADD4-4F608897D9EB}.Debug|Any CPU.ActiveCfg = Debug|Any CPU
		{EB85C3D1-19D6-404C-ADD4-4F608897D9EB}.Debug|Any CPU.Build.0 = Debug|Any CPU
		{EB85C3D1-19D6-404C-ADD4-4F608897D9EB}.Release|Any CPU.ActiveCfg = Release|Any CPU
		{EB85C3D1-19D6-404C-ADD4-4F608897D9EB}.Release|Any CPU.Build.0 = Release|Any CPU
	EndGlobalSection
	GlobalSection(SolutionProperties) = preSolution
		HideSolutionNode = FALSE
	EndGlobalSection
EndGlobal
